
Microsoft Visual Studio Solution File, Format Version 12.00
# Visual Studio 15
VisualStudioVersion = 15.0.27130.2024
MinimumVisualStudioVersion = 10.0.40219.1
Project("{FAE04EC0-301F-11D3-BF4B-00C04F79EFBC}") = "algoritmu antras laboras 1 uzd", "algoritmu antras laboras 1 uzd\algoritmu antras laboras 1 uzd.csproj", "{26DE3C20-22BD-4DBD-A96B-9BEB04F36C58}"
EndProject
Global
	GlobalSection(SolutionConfigurationPlatforms) = preSolution
		Debug|Any CPU = Debug|Any CPU
		Release|Any CPU = Release|Any CPU
	EndGlobalSection
	GlobalSection(ProjectConfigurationPlatforms) = postSolution
		{26DE3C20-22BD-4DBD-A96B-9BEB04F36C58}.Debug|Any CPU.ActiveCfg = Debug|Any CPU
		{26DE3C20-22BD-4DBD-A96B-9BEB04F36C58}.Debug|Any CPU.Build.0 = Debug|Any CPU
		{26DE3C20-22BD-4DBD-A96B-9BEB04F36C58}.Release|Any CPU.ActiveCfg = Release|Any CPU
		{26DE3C20-22BD-4DBD-A96B-9BEB04F36C58}.Release|Any CPU.Build.0 = Release|Any CPU
	EndGlobalSection
	GlobalSection(SolutionProperties) = preSolution
		HideSolutionNode = FALSE
	EndGlobalSection
	GlobalSection(ExtensibilityGlobals) = postSolution
		SolutionGuid = {0D7A534B-3D65-4586-99CC-1395F2328E12}
	EndGlobalSection
EndGlobal
